// !$*UTF8*$!
{
	archiveVersion = 1;
	classes = {
	};
	objectVersion = 48;
	objects = {

/* Begin PBXBuildFile section */
		06015D5E2166990E00240D46 /* MapKit.framework in Frameworks */ = {isa = PBXBuildFile; fileRef = 06015D5D216698C700240D46 /* MapKit.framework */; };
		06015D602166D18300240D46 /* coffeeHomeVC.swift in Sources */ = {isa = PBXBuildFile; fileRef = 06015D5F2166D18300240D46 /* coffeeHomeVC.swift */; };
		06015D622167999200240D46 /* CoffeeShopListVC.swift in Sources */ = {isa = PBXBuildFile; fileRef = 06015D612167999200240D46 /* CoffeeShopListVC.swift */; };
		06015D642167A8FC00240D46 /* coffeeShopGet.swift in Sources */ = {isa = PBXBuildFile; fileRef = 06015D632167A8FC00240D46 /* coffeeShopGet.swift */; };
		067D8D46216BD42400758D2A /* VenueCell.swift in Sources */ = {isa = PBXBuildFile; fileRef = 067D8D45216BD42400758D2A /* VenueCell.swift */; };
		06A9704421665AFD006D60C9 /* AppDelegate.swift in Sources */ = {isa = PBXBuildFile; fileRef = 06A9704321665AFD006D60C9 /* AppDelegate.swift */; };
		06A9704921665AFD006D60C9 /* Main.storyboard in Resources */ = {isa = PBXBuildFile; fileRef = 06A9704721665AFD006D60C9 /* Main.storyboard */; };
		06A9704C21665AFD006D60C9 /* drinkCoffe.xcdatamodeld in Sources */ = {isa = PBXBuildFile; fileRef = 06A9704A21665AFD006D60C9 /* drinkCoffe.xcdatamodeld */; };
		06A9704E21665AFE006D60C9 /* Assets.xcassets in Resources */ = {isa = PBXBuildFile; fileRef = 06A9704D21665AFE006D60C9 /* Assets.xcassets */; };
		06A9705121665AFE006D60C9 /* LaunchScreen.storyboard in Resources */ = {isa = PBXBuildFile; fileRef = 06A9704F21665AFE006D60C9 /* LaunchScreen.storyboard */; };
		FF83DCCB62F946CD60B3C01C /* Pods_drinkCoffe.framework in Frameworks */ = {isa = PBXBuildFile; fileRef = 80DF8C8537F0EFE4C4851834 /* Pods_drinkCoffe.framework */; };
/* End PBXBuildFile section */

/* Begin PBXFileReference section */
		06015D5D216698C700240D46 /* MapKit.framework */ = {isa = PBXFileReference; lastKnownFileType = wrapper.framework; name = MapKit.framework; path = System/Library/Frameworks/MapKit.framework; sourceTree = SDKROOT; };
		06015D5F2166D18300240D46 /* coffeeHomeVC.swift */ = {isa = PBXFileReference; lastKnownFileType = sourcecode.swift; path = coffeeHomeVC.swift; sourceTree = "<group>"; };
		06015D612167999200240D46 /* CoffeeShopListVC.swift */ = {isa = PBXFileReference; lastKnownFileType = sourcecode.swift; path = CoffeeShopListVC.swift; sourceTree = "<group>"; };
		06015D632167A8FC00240D46 /* coffeeShopGet.swift */ = {isa = PBXFileReference; lastKnownFileType = sourcecode.swift; path = coffeeShopGet.swift; sourceTree = "<group>"; };
		067D8D45216BD42400758D2A /* VenueCell.swift */ = {isa = PBXFileReference; lastKnownFileType = sourcecode.swift; path = VenueCell.swift; sourceTree = "<group>"; };
		06A9704021665AFD006D60C9 /* drinkCoffe.app */ = {isa = PBXFileReference; explicitFileType = wrapper.application; includeInIndex = 0; path = drinkCoffe.app; sourceTree = BUILT_PRODUCTS_DIR; };
		06A9704321665AFD006D60C9 /* AppDelegate.swift */ = {isa = PBXFileReference; lastKnownFileType = sourcecode.swift; path = AppDelegate.swift; sourceTree = "<group>"; };
		06A9704821665AFD006D60C9 /* Base */ = {isa = PBXFileReference; lastKnownFileType = file.storyboard; name = Base; path = Base.lproj/Main.storyboard; sourceTree = "<group>"; };
		06A9704B21665AFD006D60C9 /* drinkCoffe.xcdatamodel */ = {isa = PBXFileReference; lastKnownFileType = wrapper.xcdatamodel; path = drinkCoffe.xcdatamodel; sourceTree = "<group>"; };
		06A9704D21665AFE006D60C9 /* Assets.xcassets */ = {isa = PBXFileReference; lastKnownFileType = folder.assetcatalog; path = Assets.xcassets; sourceTree = "<group>"; };
		06A9705021665AFE006D60C9 /* Base */ = {isa = PBXFileReference; lastKnownFileType = file.storyboard; name = Base; path = Base.lproj/LaunchScreen.storyboard; sourceTree = "<group>"; };
		06A9705221665AFE006D60C9 /* Info.plist */ = {isa = PBXFileReference; lastKnownFileType = text.plist.xml; path = Info.plist; sourceTree = "<group>"; };
		18FA21CFFCE2D899BC86F672 /* Pods-drinkCoffe.debug.xcconfig */ = {isa = PBXFileReference; includeInIndex = 1; lastKnownFileType = text.xcconfig; name = "Pods-drinkCoffe.debug.xcconfig"; path = "Pods/Target Support Files/Pods-drinkCoffe/Pods-drinkCoffe.debug.xcconfig"; sourceTree = "<group>"; };
		3D94D4909F86B92E060DBFA7 /* Pods-drinkCoffe.release.xcconfig */ = {isa = PBXFileReference; includeInIndex = 1; lastKnownFileType = text.xcconfig; name = "Pods-drinkCoffe.release.xcconfig"; path = "Pods/Target Support Files/Pods-drinkCoffe/Pods-drinkCoffe.release.xcconfig"; sourceTree = "<group>"; };
		80DF8C8537F0EFE4C4851834 /* Pods_drinkCoffe.framework */ = {isa = PBXFileReference; explicitFileType = wrapper.framework; includeInIndex = 0; path = Pods_drinkCoffe.framework; sourceTree = BUILT_PRODUCTS_DIR; };
/* End PBXFileReference section */

/* Begin PBXFrameworksBuildPhase section */
		06A9703D21665AFD006D60C9 /* Frameworks */ = {
			isa = PBXFrameworksBuildPhase;
			buildActionMask = 2147483647;
			files = (
				06015D5E2166990E00240D46 /* MapKit.framework in Frameworks */,
				FF83DCCB62F946CD60B3C01C /* Pods_drinkCoffe.framework in Frameworks */,
			);
			runOnlyForDeploymentPostprocessing = 0;
		};
/* End PBXFrameworksBuildPhase section */

/* Begin PBXGroup section */
		06A9703721665AFB006D60C9 = {
			isa = PBXGroup;
			children = (
				06A9704221665AFD006D60C9 /* drinkCoffe */,
				06A9704121665AFD006D60C9 /* Products */,
				79DABF29CC7827E86D734281 /* Pods */,
				3D8F4F6384C2D45E148DC521 /* Frameworks */,
			);
			sourceTree = "<group>";
		};
		06A9704121665AFD006D60C9 /* Products */ = {
			isa = PBXGroup;
			children = (
				06A9704021665AFD006D60C9 /* drinkCoffe.app */,
			);
			name = Products;
			sourceTree = "<group>";
		};
		06A9704221665AFD006D60C9 /* drinkCoffe */ = {
			isa = PBXGroup;
			children = (
				06A9704321665AFD006D60C9 /* AppDelegate.swift */,
				06A9704721665AFD006D60C9 /* Main.storyboard */,
				067D8D45216BD42400758D2A /* VenueCell.swift */,
				06015D612167999200240D46 /* CoffeeShopListVC.swift */,
				06015D632167A8FC00240D46 /* coffeeShopGet.swift */,
				06015D5F2166D18300240D46 /* coffeeHomeVC.swift */,
				06A9704D21665AFE006D60C9 /* Assets.xcassets */,
				06A9704F21665AFE006D60C9 /* LaunchScreen.storyboard */,
				06A9705221665AFE006D60C9 /* Info.plist */,
				06A9704A21665AFD006D60C9 /* drinkCoffe.xcdatamodeld */,
			);
			path = drinkCoffe;
			sourceTree = "<group>";
		};
		3D8F4F6384C2D45E148DC521 /* Frameworks */ = {
			isa = PBXGroup;
			children = (
				06015D5D216698C700240D46 /* MapKit.framework */,
				80DF8C8537F0EFE4C4851834 /* Pods_drinkCoffe.framework */,
			);
			name = Frameworks;
			sourceTree = "<group>";
		};
		79DABF29CC7827E86D734281 /* Pods */ = {
			isa = PBXGroup;
			children = (
				18FA21CFFCE2D899BC86F672 /* Pods-drinkCoffe.debug.xcconfig */,
				3D94D4909F86B92E060DBFA7 /* Pods-drinkCoffe.release.xcconfig */,
			);
			name = Pods;
			sourceTree = "<group>";
		};
/* End PBXGroup section */

/* Begin PBXNativeTarget section */
		06A9703F21665AFD006D60C9 /* drinkCoffe */ = {
			isa = PBXNativeTarget;
			buildConfigurationList = 06A9705521665AFE006D60C9 /* Build configuration list for PBXNativeTarget "drinkCoffe" */;
			buildPhases = (
				5EF0E995A9D24CE87D5EA931 /* [CP] Check Pods Manifest.lock */,
				06A9703C21665AFD006D60C9 /* Sources */,
				06A9703D21665AFD006D60C9 /* Frameworks */,
				06A9703E21665AFD006D60C9 /* Resources */,
			);
			buildRules = (
			);
			dependencies = (
			);
			name = drinkCoffe;
			productName = drinkCoffe;
			productReference = 06A9704021665AFD006D60C9 /* drinkCoffe.app */;
			productType = "com.apple.product-type.application";
		};
/* End PBXNativeTarget section */

/* Begin PBXProject section */
		06A9703821665AFB006D60C9 /* Project object */ = {
			isa = PBXProject;
			attributes = {
				LastSwiftUpdateCheck = 0900;
				LastUpgradeCheck = 0900;
				ORGANIZATIONNAME = Mostafa;
				TargetAttributes = {
					06A9703F21665AFD006D60C9 = {
						CreatedOnToolsVersion = 9.0.1;
						ProvisioningStyle = Automatic;
					};
				};
			};
			buildConfigurationList = 06A9703B21665AFB006D60C9 /* Build configuration list for PBXProject "drinkCoffe" */;
			compatibilityVersion = "Xcode 8.0";
			developmentRegion = en;
			hasScannedForEncodings = 0;
			knownRegions = (
				en,
				Base,
			);
			mainGroup = 06A9703721665AFB006D60C9;
			productRefGroup = 06A9704121665AFD006D60C9 /* Products */;
			projectDirPath = "";
			projectRoot = "";
			targets = (
				06A9703F21665AFD006D60C9 /* drinkCoffe */,
			);
		};
/* End PBXProject section */

/* Begin PBXResourcesBuildPhase section */
		06A9703E21665AFD006D60C9 /* Resources */ = {
			isa = PBXResourcesBuildPhase;
			buildActionMask = 2147483647;
			files = (
				06A9705121665AFE006D60C9 /* LaunchScreen.storyboard in Resources */,
				06A9704E21665AFE006D60C9 /* Assets.xcassets in Resources */,
				06A9704921665AFD006D60C9 /* Main.storyboard in Resources */,
			);
			runOnlyForDeploymentPostprocessing = 0;
		};
/* End PBXResourcesBuildPhase section */

/* Begin PBXShellScriptBuildPhase section */
		5EF0E995A9D24CE87D5EA931 /* [CP] Check Pods Manifest.lock */ = {
			isa = PBXShellScriptBuildPhase;
			buildActionMask = 2147483647;
			files = (
			);
			inputPaths = (
				"${PODS_PODFILE_DIR_PATH}/Podfile.lock",
				"${PODS_ROOT}/Manifest.lock",
			);
			name = "[CP] Check Pods Manifest.lock";
			outputPaths = (
				"$(DERIVED_FILE_DIR)/Pods-drinkCoffe-checkManifestLockResult.txt",
			);
			runOnlyForDeploymentPostprocessing = 0;
			shellPath = /bin/sh;
			shellScript = "diff \"${PODS_PODFILE_DIR_PATH}/Podfile.lock\" \"${PODS_ROOT}/Manifest.lock\" > /dev/null\nif [ $? != 0 ] ; then\n    # print error to STDERR\n    echo \"error: The sandbox is not in sync with the Podfile.lock. Run 'pod install' or update your CocoaPods installation.\" >&2\n    exit 1\nfi\n# This output is used by Xcode 'outputs' to avoid re-running this script phase.\necho \"SUCCESS\" > \"${SCRIPT_OUTPUT_FILE_0}\"\n";
			showEnvVarsInLog = 0;
		};
/* End PBXShellScriptBuildPhase section */

/* Begin PBXSourcesBuildPhase section */
		06A9703C21665AFD006D60C9 /* Sources */ = {
			isa = PBXSourcesBuildPhase;
			buildActionMask = 2147483647;
			files = (
				06015D622167999200240D46 /* CoffeeShopListVC.swift in Sources */,
				06015D602166D18300240D46 /* coffeeHomeVC.swift in Sources */,
				06A9704421665AFD006D60C9 /* AppDelegate.swift in Sources */,
				067D8D46216BD42400758D2A /* VenueCell.swift in Sources */,
				06015D642167A8FC00240D46 /* coffeeShopGet.swift in Sources */,
				06A9704C21665AFD006D60C9 /* drinkCoffe.xcdatamodeld in Sources */,
			);
			runOnlyForDeploymentPostprocessing = 0;
		};
/* End PBXSourcesBuildPhase section */

/* Begin PBXVariantGroup section */
		06A9704721665AFD006D60C9 /* Main.storyboard */ = {
			isa = PBXVariantGroup;
			children = (
				06A9704821665AFD006D60C9 /* Base */,
			);
			name = Main.storyboard;
			sourceTree = "<group>";
		};
		06A9704F21665AFE006D60C9 /* LaunchScreen.storyboard */ = {
			isa = PBXVariantGroup;
			children = (
				06A9705021665AFE006D60C9 /* Base */,
			);
			name = LaunchScreen.storyboard;
			sourceTree = "<group>";
		};
/* End PBXVariantGroup section */

/* Begin XCBuildConfiguration section */
		06A9705321665AFE006D60C9 /* Debug */ = {
			isa = XCBuildConfiguration;
			buildSettings = {
				ALWAYS_SEARCH_USER_PATHS = NO;
				CLANG_ANALYZER_NONNULL = YES;
				CLANG_ANALYZER_NUMBER_OBJECT_CONVERSION = YES_AGGRESSIVE;
				CLANG_CXX_LANGUAGE_STANDARD = "gnu++14";
				CLANG_CXX_LIBRARY = "libc++";
				CLANG_ENABLE_MODULES = YES;
				CLANG_ENABLE_OBJC_ARC = YES;
				CLANG_WARN_BLOCK_CAPTURE_AUTORELEASING = YES;
				CLANG_WARN_BOOL_CONVERSION = YES;
				CLANG_WARN_COMMA = YES;
				CLANG_WARN_CONSTANT_CONVERSION = YES;
				CLANG_WARN_DIRECT_OBJC_ISA_USAGE = YES_ERROR;
				CLANG_WARN_DOCUMENTATION_COMMENTS = YES;
				CLANG_WARN_EMPTY_BODY = YES;
				CLANG_WARN_ENUM_CONVERSION = YES;
				CLANG_WARN_INFINITE_RECURSION = YES;
				CLANG_WARN_INT_CONVERSION = YES;
				CLANG_WARN_NON_LITERAL_NULL_CONVERSION = YES;
				CLANG_WARN_OBJC_LITERAL_CONVERSION = YES;
				CLANG_WARN_OBJC_ROOT_CLASS = YES_ERROR;
				CLANG_WARN_RANGE_LOOP_ANALYSIS = YES;
				CLANG_WARN_STRICT_PROTOTYPES = YES;
				CLANG_WARN_SUSPICIOUS_MOVE = YES;
				CLANG_WARN_UNGUARDED_AVAILABILITY = YES_AGGRESSIVE;
				CLANG_WARN_UNREACHABLE_CODE = YES;
				CLANG_WARN__DUPLICATE_METHOD_MATCH = YES;
				CODE_SIGN_IDENTITY = "iPhone Developer";
				COPY_PHASE_STRIP = NO;
				DEBUG_INFORMATION_FORMAT = dwarf;
				ENABLE_STRICT_OBJC_MSGSEND = YES;
				ENABLE_TESTABILITY = YES;
				GCC_C_LANGUAGE_STANDARD = gnu11;
				GCC_DYNAMIC_NO_PIC = NO;
				GCC_NO_COMMON_BLOCKS = YES;
				GCC_OPTIMIZATION_LEVEL = 0;
				GCC_PREPROCESSOR_DEFINITIONS = (
					"DEBUG=1",
					"$(inherited)",
				);
				GCC_WARN_64_TO_32_BIT_CONVERSION = YES;
				GCC_WARN_ABOUT_RETURN_TYPE = YES_ERROR;
				GCC_WARN_UNDECLARED_SELECTOR = YES;
				GCC_WARN_UNINITIALIZED_AUTOS = YES_AGGRESSIVE;
				GCC_WARN_UNUSED_FUNCTION = YES;
				GCC_WARN_UNUSED_VARIABLE = YES;
				IPHONEOS_DEPLOYMENT_TARGET = 11.0;
				MTL_ENABLE_DEBUG_INFO = YES;
				ONLY_ACTIVE_ARCH = YES;
				SDKROOT = iphoneos;
				SWIFT_ACTIVE_COMPILATION_CONDITIONS = DEBUG;
				SWIFT_OPTIMIZATION_LEVEL = "-Onone";
			};
			name = Debug;
		};
		06A9705421665AFE006D60C9 /* Release */ = {
			isa = XCBuildConfiguration;
			buildSettings = {
				ALWAYS_SEARCH_USER_PATHS = NO;
				CLANG_ANALYZER_NONNULL = YES;
				CLANG_ANALYZER_NUMBER_OBJECT_CONVERSION = YES_AGGRESSIVE;
				CLANG_CXX_LANGUAGE_STANDARD = "gnu++14";
				CLANG_CXX_LIBRARY = "libc++";
				CLANG_ENABLE_MODULES = YES;
				CLANG_ENABLE_OBJC_ARC = YES;
				CLANG_WARN_BLOCK_CAPTURE_AUTORELEASING = YES;
				CLANG_WARN_BOOL_CONVERSION = YES;
				CLANG_WARN_COMMA = YES;
				CLANG_WARN_CONSTANT_CONVERSION = YES;
				CLANG_WARN_DIRECT_OBJC_ISA_USAGE = YES_ERROR;
				CLANG_WARN_DOCUMENTATION_COMMENTS = YES;
				CLANG_WARN_EMPTY_BODY = YES;
				CLANG_WARN_ENUM_CONVERSION = YES;
				CLANG_WARN_INFINITE_RECURSION = YES;
				CLANG_WARN_INT_CONVERSION = YES;
				CLANG_WARN_NON_LITERAL_NULL_CONVERSION = YES;
				CLANG_WARN_OBJC_LITERAL_CONVERSION = YES;
				CLANG_WARN_OBJC_ROOT_CLASS = YES_ERROR;
				CLANG_WARN_RANGE_LOOP_ANALYSIS = YES;
				CLANG_WARN_STRICT_PROTOTYPES = YES;
				CLANG_WARN_SUSPICIOUS_MOVE = YES;
				CLANG_WARN_UNGUARDED_AVAILABILITY = YES_AGGRESSIVE;
				CLANG_WARN_UNREACHABLE_CODE = YES;
				CLANG_WARN__DUPLICATE_METHOD_MATCH = YES;
				CODE_SIGN_IDENTITY = "iPhone Developer";
				COPY_PHASE_STRIP = NO;
				DEBUG_INFORMATION_FORMAT = "dwarf-with-dsym";
				ENABLE_NS_ASSERTIONS = NO;
				ENABLE_STRICT_OBJC_MSGSEND = YES;
				GCC_C_LANGUAGE_STANDARD = gnu11;
				GCC_NO_COMMON_BLOCKS = YES;
				GCC_WARN_64_TO_32_BIT_CONVERSION = YES;
				GCC_WARN_ABOUT_RETURN_TYPE = YES_ERROR;
				GCC_WARN_UNDECLARED_SELECTOR = YES;
				GCC_WARN_UNINITIALIZED_AUTOS = YES_AGGRESSIVE;
				GCC_WARN_UNUSED_FUNCTION = YES;
				GCC_WARN_UNUSED_VARIABLE = YES;
				IPHONEOS_DEPLOYMENT_TARGET = 11.0;
				MTL_ENABLE_DEBUG_INFO = NO;
				SDKROOT = iphoneos;
				SWIFT_OPTIMIZATION_LEVEL = "-Owholemodule";
				VALIDATE_PRODUCT = YES;
			};
			name = Release;
		};
		06A9705621665AFE006D60C9 /* Debug */ = {
			isa = XCBuildConfiguration;
			baseConfigurationReference = 18FA21CFFCE2D899BC86F672 /* Pods-drinkCoffe.debug.xcconfig */;
			buildSettings = {
				ASSETCATALOG_COMPILER_APPICON_NAME = AppIcon;
				CODE_SIGN_STYLE = Automatic;
				INFOPLIST_FILE = drinkCoffe/Info.plist;
				LD_RUNPATH_SEARCH_PATHS = "$(inherited) @executable_path/Frameworks";
				PRODUCT_BUNDLE_IDENTIFIER = com.mustafa.drinkCoffe;
				PRODUCT_NAME = "$(TARGET_NAME)";
				SWIFT_VERSION = 4.0;
				TARGETED_DEVICE_FAMILY = "1,2";
			};
			name = Debug;
		};
		06A9705721665AFE006D60C9 /* Release */ = {
			isa = XCBuildConfiguration;
			baseConfigurationReference = 3D94D4909F86B92E060DBFA7 /* Pods-drinkCoffe.release.xcconfig */;
			buildSettings = {
				ASSETCATALOG_COMPILER_APPICON_NAME = AppIcon;
				CODE_SIGN_STYLE = Automatic;
				INFOPLIST_FILE = drinkCoffe/Info.plist;
				LD_RUNPATH_SEARCH_PATHS = "$(inherited) @executable_path/Frameworks";
				PRODUCT_BUNDLE_IDENTIFIER = com.mustafa.drinkCoffe;
				PRODUCT_NAME = "$(TARGET_NAME)";
				SWIFT_VERSION = 4.0;
				TARGETED_DEVICE_FAMILY = "1,2";
			};
			name = Release;
		};
/* End XCBuildConfiguration section */

/* Begin XCConfigurationList section */
		06A9703B21665AFB006D60C9 /* Build configuration list for PBXProject "drinkCoffe" */ = {
			isa = XCConfigurationList;
			buildConfigurations = (
				06A9705321665AFE006D60C9 /* Debug */,
				06A9705421665AFE006D60C9 /* Release */,
			);
			defaultConfigurationIsVisible = 0;
			defaultConfigurationName = Release;
		};
		06A9705521665AFE006D60C9 /* Build configuration list for PBXNativeTarget "drinkCoffe" */ = {
			isa = XCConfigurationList;
			buildConfigurations = (
				06A9705621665AFE006D60C9 /* Debug */,
				06A9705721665AFE006D60C9 /* Release */,
			);
			defaultConfigurationIsVisible = 0;
			defaultConfigurationName = Release;
		};
/* End XCConfigurationList section */

/* Begin XCVersionGroup section */
		06A9704A21665AFD006D60C9 /* drinkCoffe.xcdatamodeld */ = {
			isa = XCVersionGroup;
			children = (
				06A9704B21665AFD006D60C9 /* drinkCoffe.xcdatamodel */,
			);
			currentVersion = 06A9704B21665AFD006D60C9 /* drinkCoffe.xcdatamodel */;
			path = drinkCoffe.xcdatamodeld;
			sourceTree = "<group>";
			versionGroupType = wrapper.xcdatamodel;
		};
/* End XCVersionGroup section */
	};
	rootObject = 06A9703821665AFB006D60C9 /* Project object */;
}
